
Microsoft Visual Studio Solution File, Format Version 12.00
# Visual Studio 14
VisualStudioVersion = 14.0.23107.0
MinimumVisualStudioVersion = 10.0.40219.1
Project("{FAE04EC0-301F-11D3-BF4B-00C04F79EFBC}") = "Quang.Web", "Presentation\Quang.Web\Quang.Web.csproj", "{BDF8FE7B-DCC7-4970-9AB6-91B649E52FE3}"
EndProject
Project("{2150E333-8FDC-42A3-9474-1A3956D46DE8}") = "Presentation", "Presentation", "{D8907202-B402-4B56-B8BD-74D1B72BA281}"
EndProject
Project("{2150E333-8FDC-42A3-9474-1A3956D46DE8}") = "Libraries", "Libraries", "{03B490BF-1E6E-4CA4-A06A-0347C2B3AECD}"
EndProject
Project("{FAE04EC0-301F-11D3-BF4B-00C04F79EFBC}") = "Quang.Auth.Entities", "Libraries\Quang.Auth.Entities\Quang.Auth.Entities.csproj", "{3E3016B2-17F3-4E98-A7E9-33BBA15ACA6F}"
EndProject
Project("{FAE04EC0-301F-11D3-BF4B-00C04F79EFBC}") = "Quang.Auth.Api", "Presentation\Quang.Auth.Api\Quang.Auth.Api.csproj", "{10E81B83-7F97-4530-9EB3-0D9937261AB8}"
EndProject
Project("{FAE04EC0-301F-11D3-BF4B-00C04F79EFBC}") = "Quang.Auth.Web", "Presentation\Quang.Auth.Web\Quang.Auth.Web.csproj", "{AFCEE3B6-7213-4020-AC20-F59B36F74F94}"
EndProject
Project("{FAE04EC0-301F-11D3-BF4B-00C04F79EFBC}") = "Quang.Common", "Libraries\Quang.Common\Quang.Common.csproj", "{44EFC64F-1EC9-4075-A13B-5BE544881BA0}"
EndProject
Project("{FAE04EC0-301F-11D3-BF4B-00C04F79EFBC}") = "Quang.RedisCache", "Libraries\Quang.RedisCache\Quang.RedisCache.csproj", "{EB81DD37-90C5-4E0C-8364-42EF4ADFF4CE}"
EndProject
Project("{FAE04EC0-301F-11D3-BF4B-00C04F79EFBC}") = "AspNet.Identity.MySQL", "Libraries\AspNet.Identity.MySQL\AspNet.Identity.MySQL.csproj", "{26F6ECF9-4369-417B-8CF2-54FA92DF3660}"
EndProject
Project("{FAE04EC0-301F-11D3-BF4B-00C04F79EFBC}") = "Quang.Cate.Entities", "Libraries\Quang.Cate.Entities\Quang.Cate.Entities.csproj", "{1C680144-66CA-4F60-9C25-5684049632AC}"
EndProject
Project("{FAE04EC0-301F-11D3-BF4B-00C04F79EFBC}") = "Quang.Cate.DataAccess", "Libraries\Quang.Cate.DataAccess\Quang.Cate.DataAccess.csproj", "{353C730D-DD28-4043-A80F-907497EFF758}"
EndProject
Project("{FAE04EC0-301F-11D3-BF4B-00C04F79EFBC}") = "Quang.Cate.BusinessLogic", "Libraries\Quang.Cate.BusinessLogic\Quang.Cate.BusinessLogic.csproj", "{BD8CCE78-53F8-4FF6-9760-41455E4E0B93}"
EndProject
Project("{FAE04EC0-301F-11D3-BF4B-00C04F79EFBC}") = "Quang.Cate.Web", "Presentation\Quang.Cate.Web\Quang.Cate.Web.csproj", "{B26FCFBF-250E-4C7F-A2C1-8510865F1BCD}"
EndProject
Project("{FAE04EC0-301F-11D3-BF4B-00C04F79EFBC}") = "Quang.eTour.Web", "Presentation\Quang.eTour.Web\Quang.eTour.Web.csproj", "{4A840B04-5971-4FF4-82A1-320861793C47}"
EndProject
Project("{FAE04EC0-301F-11D3-BF4B-00C04F79EFBC}") = "Quang.Cate.Api", "Presentation\Quang.Cate.Api\Quang.Cate.Api.csproj", "{BC228A80-B94E-4AE0-B30C-97E5B4DBE4A6}"
EndProject
Project("{FAE04EC0-301F-11D3-BF4B-00C04F79EFBC}") = "Quang.RaoVat.Web", "Presentation\Quang.RaoVat.Web\Quang.RaoVat.Web.csproj", "{4A66B964-7497-4CBB-86DA-6A5F3FCCBB16}"
EndProject
Global
	GlobalSection(SolutionConfigurationPlatforms) = preSolution
		Debug|Any CPU = Debug|Any CPU
		Release|Any CPU = Release|Any CPU
	EndGlobalSection
	GlobalSection(ProjectConfigurationPlatforms) = postSolution
		{BDF8FE7B-DCC7-4970-9AB6-91B649E52FE3}.Debug|Any CPU.ActiveCfg = Debug|Any CPU
		{BDF8FE7B-DCC7-4970-9AB6-91B649E52FE3}.Debug|Any CPU.Build.0 = Debug|Any CPU
		{BDF8FE7B-DCC7-4970-9AB6-91B649E52FE3}.Release|Any CPU.ActiveCfg = Release|Any CPU
		{BDF8FE7B-DCC7-4970-9AB6-91B649E52FE3}.Release|Any CPU.Build.0 = Release|Any CPU
		{3E3016B2-17F3-4E98-A7E9-33BBA15ACA6F}.Debug|Any CPU.ActiveCfg = Debug|Any CPU
		{3E3016B2-17F3-4E98-A7E9-33BBA15ACA6F}.Debug|Any CPU.Build.0 = Debug|Any CPU
		{3E3016B2-17F3-4E98-A7E9-33BBA15ACA6F}.Release|Any CPU.ActiveCfg = Release|Any CPU
		{3E3016B2-17F3-4E98-A7E9-33BBA15ACA6F}.Release|Any CPU.Build.0 = Release|Any CPU
		{10E81B83-7F97-4530-9EB3-0D9937261AB8}.Debug|Any CPU.ActiveCfg = Debug|Any CPU
		{10E81B83-7F97-4530-9EB3-0D9937261AB8}.Debug|Any CPU.Build.0 = Debug|Any CPU
		{10E81B83-7F97-4530-9EB3-0D9937261AB8}.Release|Any CPU.ActiveCfg = Release|Any CPU
		{10E81B83-7F97-4530-9EB3-0D9937261AB8}.Release|Any CPU.Build.0 = Release|Any CPU
		{AFCEE3B6-7213-4020-AC20-F59B36F74F94}.Debug|Any CPU.ActiveCfg = Debug|Any CPU
		{AFCEE3B6-7213-4020-AC20-F59B36F74F94}.Debug|Any CPU.Build.0 = Debug|Any CPU
		{AFCEE3B6-7213-4020-AC20-F59B36F74F94}.Release|Any CPU.ActiveCfg = Release|Any CPU
		{AFCEE3B6-7213-4020-AC20-F59B36F74F94}.Release|Any CPU.Build.0 = Release|Any CPU
		{44EFC64F-1EC9-4075-A13B-5BE544881BA0}.Debug|Any CPU.ActiveCfg = Debug|Any CPU
		{44EFC64F-1EC9-4075-A13B-5BE544881BA0}.Debug|Any CPU.Build.0 = Debug|Any CPU
		{44EFC64F-1EC9-4075-A13B-5BE544881BA0}.Release|Any CPU.ActiveCfg = Release|Any CPU
		{44EFC64F-1EC9-4075-A13B-5BE544881BA0}.Release|Any CPU.Build.0 = Release|Any CPU
		{EB81DD37-90C5-4E0C-8364-42EF4ADFF4CE}.Debug|Any CPU.ActiveCfg = Debug|Any CPU
		{EB81DD37-90C5-4E0C-8364-42EF4ADFF4CE}.Debug|Any CPU.Build.0 = Debug|Any CPU
		{EB81DD37-90C5-4E0C-8364-42EF4ADFF4CE}.Release|Any CPU.ActiveCfg = Release|Any CPU
		{EB81DD37-90C5-4E0C-8364-42EF4ADFF4CE}.Release|Any CPU.Build.0 = Release|Any CPU
		{26F6ECF9-4369-417B-8CF2-54FA92DF3660}.Debug|Any CPU.ActiveCfg = Debug|Any CPU
		{26F6ECF9-4369-417B-8CF2-54FA92DF3660}.Debug|Any CPU.Build.0 = Debug|Any CPU
		{26F6ECF9-4369-417B-8CF2-54FA92DF3660}.Release|Any CPU.ActiveCfg = Release|Any CPU
		{26F6ECF9-4369-417B-8CF2-54FA92DF3660}.Release|Any CPU.Build.0 = Release|Any CPU
		{1C680144-66CA-4F60-9C25-5684049632AC}.Debug|Any CPU.ActiveCfg = Debug|Any CPU
		{1C680144-66CA-4F60-9C25-5684049632AC}.Debug|Any CPU.Build.0 = Debug|Any CPU
		{1C680144-66CA-4F60-9C25-5684049632AC}.Release|Any CPU.ActiveCfg = Release|Any CPU
		{1C680144-66CA-4F60-9C25-5684049632AC}.Release|Any CPU.Build.0 = Release|Any CPU
		{353C730D-DD28-4043-A80F-907497EFF758}.Debug|Any CPU.ActiveCfg = Debug|Any CPU
		{353C730D-DD28-4043-A80F-907497EFF758}.Debug|Any CPU.Build.0 = Debug|Any CPU
		{353C730D-DD28-4043-A80F-907497EFF758}.Release|Any CPU.ActiveCfg = Release|Any CPU
		{353C730D-DD28-4043-A80F-907497EFF758}.Release|Any CPU.Build.0 = Release|Any CPU
		{BD8CCE78-53F8-4FF6-9760-41455E4E0B93}.Debug|Any CPU.ActiveCfg = Debug|Any CPU
		{BD8CCE78-53F8-4FF6-9760-41455E4E0B93}.Debug|Any CPU.Build.0 = Debug|Any CPU
		{BD8CCE78-53F8-4FF6-9760-41455E4E0B93}.Release|Any CPU.ActiveCfg = Release|Any CPU
		{BD8CCE78-53F8-4FF6-9760-41455E4E0B93}.Release|Any CPU.Build.0 = Release|Any CPU
		{B26FCFBF-250E-4C7F-A2C1-8510865F1BCD}.Debug|Any CPU.ActiveCfg = Debug|Any CPU
		{B26FCFBF-250E-4C7F-A2C1-8510865F1BCD}.Debug|Any CPU.Build.0 = Debug|Any CPU
		{B26FCFBF-250E-4C7F-A2C1-8510865F1BCD}.Release|Any CPU.ActiveCfg = Release|Any CPU
		{B26FCFBF-250E-4C7F-A2C1-8510865F1BCD}.Release|Any CPU.Build.0 = Release|Any CPU
		{4A840B04-5971-4FF4-82A1-320861793C47}.Debug|Any CPU.ActiveCfg = Debug|Any CPU
		{4A840B04-5971-4FF4-82A1-320861793C47}.Debug|Any CPU.Build.0 = Debug|Any CPU
		{4A840B04-5971-4FF4-82A1-320861793C47}.Release|Any CPU.ActiveCfg = Release|Any CPU
		{4A840B04-5971-4FF4-82A1-320861793C47}.Release|Any CPU.Build.0 = Release|Any CPU
		{BC228A80-B94E-4AE0-B30C-97E5B4DBE4A6}.Debug|Any CPU.ActiveCfg = Debug|Any CPU
		{BC228A80-B94E-4AE0-B30C-97E5B4DBE4A6}.Debug|Any CPU.Build.0 = Debug|Any CPU
		{BC228A80-B94E-4AE0-B30C-97E5B4DBE4A6}.Release|Any CPU.ActiveCfg = Release|Any CPU
		{BC228A80-B94E-4AE0-B30C-97E5B4DBE4A6}.Release|Any CPU.Build.0 = Release|Any CPU
		{4A66B964-7497-4CBB-86DA-6A5F3FCCBB16}.Debug|Any CPU.ActiveCfg = Debug|Any CPU
		{4A66B964-7497-4CBB-86DA-6A5F3FCCBB16}.Debug|Any CPU.Build.0 = Debug|Any CPU
		{4A66B964-7497-4CBB-86DA-6A5F3FCCBB16}.Release|Any CPU.ActiveCfg = Release|Any CPU
		{4A66B964-7497-4CBB-86DA-6A5F3FCCBB16}.Release|Any CPU.Build.0 = Release|Any CPU
	EndGlobalSection
	GlobalSection(SolutionProperties) = preSolution
		HideSolutionNode = FALSE
	EndGlobalSection
	GlobalSection(NestedProjects) = preSolution
		{BDF8FE7B-DCC7-4970-9AB6-91B649E52FE3} = {D8907202-B402-4B56-B8BD-74D1B72BA281}
		{3E3016B2-17F3-4E98-A7E9-33BBA15ACA6F} = {03B490BF-1E6E-4CA4-A06A-0347C2B3AECD}
		{10E81B83-7F97-4530-9EB3-0D9937261AB8} = {D8907202-B402-4B56-B8BD-74D1B72BA281}
		{AFCEE3B6-7213-4020-AC20-F59B36F74F94} = {D8907202-B402-4B56-B8BD-74D1B72BA281}
		{44EFC64F-1EC9-4075-A13B-5BE544881BA0} = {03B490BF-1E6E-4CA4-A06A-0347C2B3AECD}
		{EB81DD37-90C5-4E0C-8364-42EF4ADFF4CE} = {03B490BF-1E6E-4CA4-A06A-0347C2B3AECD}
		{26F6ECF9-4369-417B-8CF2-54FA92DF3660} = {03B490BF-1E6E-4CA4-A06A-0347C2B3AECD}
		{1C680144-66CA-4F60-9C25-5684049632AC} = {03B490BF-1E6E-4CA4-A06A-0347C2B3AECD}
		{353C730D-DD28-4043-A80F-907497EFF758} = {03B490BF-1E6E-4CA4-A06A-0347C2B3AECD}
		{BD8CCE78-53F8-4FF6-9760-41455E4E0B93} = {03B490BF-1E6E-4CA4-A06A-0347C2B3AECD}
		{B26FCFBF-250E-4C7F-A2C1-8510865F1BCD} = {D8907202-B402-4B56-B8BD-74D1B72BA281}
		{4A840B04-5971-4FF4-82A1-320861793C47} = {D8907202-B402-4B56-B8BD-74D1B72BA281}
		{BC228A80-B94E-4AE0-B30C-97E5B4DBE4A6} = {D8907202-B402-4B56-B8BD-74D1B72BA281}
		{4A66B964-7497-4CBB-86DA-6A5F3FCCBB16} = {D8907202-B402-4B56-B8BD-74D1B72BA281}
	EndGlobalSection
EndGlobal
